// !$*UTF8*$!
{
	archiveVersion = 1;
	classes = {
	};
	objectVersion = 48;
	objects = {

/* Begin PBXBuildFile section */
		38167E65200FA8BF0035791F /* AppDelegate.swift in Sources */ = {isa = PBXBuildFile; fileRef = 38167E64200FA8BF0035791F /* AppDelegate.swift */; };
		38167E67200FA8BF0035791F /* ViewController.swift in Sources */ = {isa = PBXBuildFile; fileRef = 38167E66200FA8BF0035791F /* ViewController.swift */; };
		38167E6A200FA8BF0035791F /* Main.storyboard in Resources */ = {isa = PBXBuildFile; fileRef = 38167E68200FA8BF0035791F /* Main.storyboard */; };
		38167E6C200FA8BF0035791F /* Assets.xcassets in Resources */ = {isa = PBXBuildFile; fileRef = 38167E6B200FA8BF0035791F /* Assets.xcassets */; };
		38167E6F200FA8BF0035791F /* LaunchScreen.storyboard in Resources */ = {isa = PBXBuildFile; fileRef = 38167E6D200FA8BF0035791F /* LaunchScreen.storyboard */; };
		38167E7A200FA8BF0035791F /* tictactocTests.swift in Sources */ = {isa = PBXBuildFile; fileRef = 38167E79200FA8BF0035791F /* tictactocTests.swift */; };
		38167E85200FA8BF0035791F /* tictactocUITests.swift in Sources */ = {isa = PBXBuildFile; fileRef = 38167E84200FA8BF0035791F /* tictactocUITests.swift */; };
		38B0E2E320131BD50059F7FB /* MenuViewController.swift in Sources */ = {isa = PBXBuildFile; fileRef = 38B0E2E220131BD50059F7FB /* MenuViewController.swift */; };
/* End PBXBuildFile section */

/* Begin PBXContainerItemProxy section */
		38167E76200FA8BF0035791F /* PBXContainerItemProxy */ = {
			isa = PBXContainerItemProxy;
			containerPortal = 38167E59200FA8BF0035791F /* Project object */;
			proxyType = 1;
			remoteGlobalIDString = 38167E60200FA8BF0035791F;
			remoteInfo = tictactoc;
		};
		38167E81200FA8BF0035791F /* PBXContainerItemProxy */ = {
			isa = PBXContainerItemProxy;
			containerPortal = 38167E59200FA8BF0035791F /* Project object */;
			proxyType = 1;
			remoteGlobalIDString = 38167E60200FA8BF0035791F;
			remoteInfo = tictactoc;
		};
/* End PBXContainerItemProxy section */

/* Begin PBXFileReference section */
		38167E61200FA8BF0035791F /* tictactoc.app */ = {isa = PBXFileReference; explicitFileType = wrapper.application; includeInIndex = 0; path = tictactoc.app; sourceTree = BUILT_PRODUCTS_DIR; };
		38167E64200FA8BF0035791F /* AppDelegate.swift */ = {isa = PBXFileReference; lastKnownFileType = sourcecode.swift; path = AppDelegate.swift; sourceTree = "<group>"; };
		38167E66200FA8BF0035791F /* ViewController.swift */ = {isa = PBXFileReference; lastKnownFileType = sourcecode.swift; path = ViewController.swift; sourceTree = "<group>"; };
		38167E69200FA8BF0035791F /* Base */ = {isa = PBXFileReference; lastKnownFileType = file.storyboard; name = Base; path = Base.lproj/Main.storyboard; sourceTree = "<group>"; };
		38167E6B200FA8BF0035791F /* Assets.xcassets */ = {isa = PBXFileReference; lastKnownFileType = folder.assetcatalog; path = Assets.xcassets; sourceTree = "<group>"; };
		38167E6E200FA8BF0035791F /* Base */ = {isa = PBXFileReference; lastKnownFileType = file.storyboard; name = Base; path = Base.lproj/LaunchScreen.storyboard; sourceTree = "<group>"; };
		38167E70200FA8BF0035791F /* Info.plist */ = {isa = PBXFileReference; lastKnownFileType = text.plist.xml; path = Info.plist; sourceTree = "<group>"; };
		38167E75200FA8BF0035791F /* tictactocTests.xctest */ = {isa = PBXFileReference; explicitFileType = wrapper.cfbundle; includeInIndex = 0; path = tictactocTests.xctest; sourceTree = BUILT_PRODUCTS_DIR; };
		38167E79200FA8BF0035791F /* tictactocTests.swift */ = {isa = PBXFileReference; lastKnownFileType = sourcecode.swift; path = tictactocTests.swift; sourceTree = "<group>"; };
		38167E7B200FA8BF0035791F /* Info.plist */ = {isa = PBXFileReference; lastKnownFileType = text.plist.xml; path = Info.plist; sourceTree = "<group>"; };
		38167E80200FA8BF0035791F /* tictactocUITests.xctest */ = {isa = PBXFileReference; explicitFileType = wrapper.cfbundle; includeInIndex = 0; path = tictactocUITests.xctest; sourceTree = BUILT_PRODUCTS_DIR; };
		38167E84200FA8BF0035791F /* tictactocUITests.swift */ = {isa = PBXFileReference; lastKnownFileType = sourcecode.swift; path = tictactocUITests.swift; sourceTree = "<group>"; };
		38167E86200FA8BF0035791F /* Info.plist */ = {isa = PBXFileReference; lastKnownFileType = text.plist.xml; path = Info.plist; sourceTree = "<group>"; };
		38B0E2E220131BD50059F7FB /* MenuViewController.swift */ = {isa = PBXFileReference; lastKnownFileType = sourcecode.swift; path = MenuViewController.swift; sourceTree = "<group>"; };
/* End PBXFileReference section */

/* Begin PBXFrameworksBuildPhase section */
		38167E5E200FA8BF0035791F /* Frameworks */ = {
			isa = PBXFrameworksBuildPhase;
			buildActionMask = 2147483647;
			files = (
			);
			runOnlyForDeploymentPostprocessing = 0;
		};
		38167E72200FA8BF0035791F /* Frameworks */ = {
			isa = PBXFrameworksBuildPhase;
			buildActionMask = 2147483647;
			files = (
			);
			runOnlyForDeploymentPostprocessing = 0;
		};
		38167E7D200FA8BF0035791F /* Frameworks */ = {
			isa = PBXFrameworksBuildPhase;
			buildActionMask = 2147483647;
			files = (
			);
			runOnlyForDeploymentPostprocessing = 0;
		};
/* End PBXFrameworksBuildPhase section */

/* Begin PBXGroup section */
		38167E58200FA8BF0035791F = {
			isa = PBXGroup;
			children = (
				38167E63200FA8BF0035791F /* tictactoc */,
				38167E78200FA8BF0035791F /* tictactocTests */,
				38167E83200FA8BF0035791F /* tictactocUITests */,
				38167E62200FA8BF0035791F /* Products */,
			);
			sourceTree = "<group>";
		};
		38167E62200FA8BF0035791F /* Products */ = {
			isa = PBXGroup;
			children = (
				38167E61200FA8BF0035791F /* tictactoc.app */,
				38167E75200FA8BF0035791F /* tictactocTests.xctest */,
				38167E80200FA8BF0035791F /* tictactocUITests.xctest */,
			);
			name = Products;
			sourceTree = "<group>";
		};
		38167E63200FA8BF0035791F /* tictactoc */ = {
			isa = PBXGroup;
			children = (
				38167E64200FA8BF0035791F /* AppDelegate.swift */,
				38167E66200FA8BF0035791F /* ViewController.swift */,
				38167E68200FA8BF0035791F /* Main.storyboard */,
				38167E6B200FA8BF0035791F /* Assets.xcassets */,
				38167E6D200FA8BF0035791F /* LaunchScreen.storyboard */,
				38167E70200FA8BF0035791F /* Info.plist */,
				38B0E2E220131BD50059F7FB /* MenuViewController.swift */,
			);
			path = tictactoc;
			sourceTree = "<group>";
		};
		38167E78200FA8BF0035791F /* tictactocTests */ = {
			isa = PBXGroup;
			children = (
				38167E79200FA8BF0035791F /* tictactocTests.swift */,
				38167E7B200FA8BF0035791F /* Info.plist */,
			);
			path = tictactocTests;
			sourceTree = "<group>";
		};
		38167E83200FA8BF0035791F /* tictactocUITests */ = {
			isa = PBXGroup;
			children = (
				38167E84200FA8BF0035791F /* tictactocUITests.swift */,
				38167E86200FA8BF0035791F /* Info.plist */,
			);
			path = tictactocUITests;
			sourceTree = "<group>";
		};
/* End PBXGroup section */

/* Begin PBXNativeTarget section */
		38167E60200FA8BF0035791F /* tictactoc */ = {
			isa = PBXNativeTarget;
			buildConfigurationList = 38167E89200FA8BF0035791F /* Build configuration list for PBXNativeTarget "tictactoc" */;
			buildPhases = (
				38167E5D200FA8BF0035791F /* Sources */,
				38167E5E200FA8BF0035791F /* Frameworks */,
				38167E5F200FA8BF0035791F /* Resources */,
			);
			buildRules = (
			);
			dependencies = (
			);
			name = tictactoc;
			productName = tictactoc;
			productReference = 38167E61200FA8BF0035791F /* tictactoc.app */;
			productType = "com.apple.product-type.application";
		};
		38167E74200FA8BF0035791F /* tictactocTests */ = {
			isa = PBXNativeTarget;
			buildConfigurationList = 38167E8C200FA8BF0035791F /* Build configuration list for PBXNativeTarget "tictactocTests" */;
			buildPhases = (
				38167E71200FA8BF0035791F /* Sources */,
				38167E72200FA8BF0035791F /* Frameworks */,
				38167E73200FA8BF0035791F /* Resources */,
			);
			buildRules = (
			);
			dependencies = (
				38167E77200FA8BF0035791F /* PBXTargetDependency */,
			);
			name = tictactocTests;
			productName = tictactocTests;
			productReference = 38167E75200FA8BF0035791F /* tictactocTests.xctest */;
			productType = "com.apple.product-type.bundle.unit-test";
		};
		38167E7F200FA8BF0035791F /* tictactocUITests */ = {
			isa = PBXNativeTarget;
			buildConfigurationList = 38167E8F200FA8BF0035791F /* Build configuration list for PBXNativeTarget "tictactocUITests" */;
			buildPhases = (
				38167E7C200FA8BF0035791F /* Sources */,
				38167E7D200FA8BF0035791F /* Frameworks */,
				38167E7E200FA8BF0035791F /* Resources */,
			);
			buildRules = (
			);
			dependencies = (
				38167E82200FA8BF0035791F /* PBXTargetDependency */,
			);
			name = tictactocUITests;
			productName = tictactocUITests;
			productReference = 38167E80200FA8BF0035791F /* tictactocUITests.xctest */;
			productType = "com.apple.product-type.bundle.ui-testing";
		};
/* End PBXNativeTarget section */

/* Begin PBXProject section */
		38167E59200FA8BF0035791F /* Project object */ = {
			isa = PBXProject;
			attributes = {
				LastSwiftUpdateCheck = 0920;
				LastUpgradeCheck = 0920;
				ORGANIZATIONNAME = "manoj karki";
				TargetAttributes = {
					38167E60200FA8BF0035791F = {
						CreatedOnToolsVersion = 9.2;
						ProvisioningStyle = Automatic;
					};
					38167E74200FA8BF0035791F = {
						CreatedOnToolsVersion = 9.2;
						ProvisioningStyle = Automatic;
						TestTargetID = 38167E60200FA8BF0035791F;
					};
					38167E7F200FA8BF0035791F = {
						CreatedOnToolsVersion = 9.2;
						ProvisioningStyle = Automatic;
						TestTargetID = 38167E60200FA8BF0035791F;
					};
				};
			};
			buildConfigurationList = 38167E5C200FA8BF0035791F /* Build configuration list for PBXProject "tictactoc" */;
			compatibilityVersion = "Xcode 8.0";
			developmentRegion = en;
			hasScannedForEncodings = 0;
			knownRegions = (
				en,
				Base,
			);
			mainGroup = 38167E58200FA8BF0035791F;
			productRefGroup = 38167E62200FA8BF0035791F /* Products */;
			projectDirPath = "";
			projectRoot = "";
			targets = (
				38167E60200FA8BF0035791F /* tictactoc */,
				38167E74200FA8BF0035791F /* tictactocTests */,
				38167E7F200FA8BF0035791F /* tictactocUITests */,
			);
		};
/* End PBXProject section */

/* Begin PBXResourcesBuildPhase section */
		38167E5F200FA8BF0035791F /* Resources */ = {
			isa = PBXResourcesBuildPhase;
			buildActionMask = 2147483647;
			files = (
				38167E6F200FA8BF0035791F /* LaunchScreen.storyboard in Resources */,
				38167E6C200FA8BF0035791F /* Assets.xcassets in Resources */,
				38167E6A200FA8BF0035791F /* Main.storyboard in Resources */,
			);
			runOnlyForDeploymentPostprocessing = 0;
		};
		38167E73200FA8BF0035791F /* Resources */ = {
			isa = PBXResourcesBuildPhase;
			buildActionMask = 2147483647;
			files = (
			);
			runOnlyForDeploymentPostprocessing = 0;
		};
		38167E7E200FA8BF0035791F /* Resources */ = {
			isa = PBXResourcesBuildPhase;
			buildActionMask = 2147483647;
			files = (
			);
			runOnlyForDeploymentPostprocessing = 0;
		};
/* End PBXResourcesBuildPhase section */

/* Begin PBXSourcesBuildPhase section */
		38167E5D200FA8BF0035791F /* Sources */ = {
			isa = PBXSourcesBuildPhase;
			buildActionMask = 2147483647;
			files = (
				38167E67200FA8BF0035791F /* ViewController.swift in Sources */,
				38B0E2E320131BD50059F7FB /* MenuViewController.swift in Sources */,
				38167E65200FA8BF0035791F /* AppDelegate.swift in Sources */,
			);
			runOnlyForDeploymentPostprocessing = 0;
		};
		38167E71200FA8BF0035791F /* Sources */ = {
			isa = PBXSourcesBuildPhase;
			buildActionMask = 2147483647;
			files = (
				38167E7A200FA8BF0035791F /* tictactocTests.swift in Sources */,
			);
			runOnlyForDeploymentPostprocessing = 0;
		};
		38167E7C200FA8BF0035791F /* Sources */ = {
			isa = PBXSourcesBuildPhase;
			buildActionMask = 2147483647;
			files = (
				38167E85200FA8BF0035791F /* tictactocUITests.swift in Sources */,
			);
			runOnlyForDeploymentPostprocessing = 0;
		};
/* End PBXSourcesBuildPhase section */

/* Begin PBXTargetDependency section */
		38167E77200FA8BF0035791F /* PBXTargetDependency */ = {
			isa = PBXTargetDependency;
			target = 38167E60200FA8BF0035791F /* tictactoc */;
			targetProxy = 38167E76200FA8BF0035791F /* PBXContainerItemProxy */;
		};
		38167E82200FA8BF0035791F /* PBXTargetDependency */ = {
			isa = PBXTargetDependency;
			target = 38167E60200FA8BF0035791F /* tictactoc */;
			targetProxy = 38167E81200FA8BF0035791F /* PBXContainerItemProxy */;
		};
/* End PBXTargetDependency section */

/* Begin PBXVariantGroup section */
		38167E68200FA8BF0035791F /* Main.storyboard */ = {
			isa = PBXVariantGroup;
			children = (
				38167E69200FA8BF0035791F /* Base */,
			);
			name = Main.storyboard;
			sourceTree = "<group>";
		};
		38167E6D200FA8BF0035791F /* LaunchScreen.storyboard */ = {
			isa = PBXVariantGroup;
			children = (
				38167E6E200FA8BF0035791F /* Base */,
			);
			name = LaunchScreen.storyboard;
			sourceTree = "<group>";
		};
/* End PBXVariantGroup section */

/* Begin XCBuildConfiguration section */
		38167E87200FA8BF0035791F /* Debug */ = {
			isa = XCBuildConfiguration;
			buildSettings = {
				ALWAYS_SEARCH_USER_PATHS = NO;
				CLANG_ANALYZER_NONNULL = YES;
				CLANG_ANALYZER_NUMBER_OBJECT_CONVERSION = YES_AGGRESSIVE;
				CLANG_CXX_LANGUAGE_STANDARD = "gnu++14";
				CLANG_CXX_LIBRARY = "libc++";
				CLANG_ENABLE_MODULES = YES;
				CLANG_ENABLE_OBJC_ARC = YES;
				CLANG_WARN_BLOCK_CAPTURE_AUTORELEASING = YES;
				CLANG_WARN_BOOL_CONVERSION = YES;
				CLANG_WARN_COMMA = YES;
				CLANG_WARN_CONSTANT_CONVERSION = YES;
				CLANG_WARN_DIRECT_OBJC_ISA_USAGE = YES_ERROR;
				CLANG_WARN_DOCUMENTATION_COMMENTS = YES;
				CLANG_WARN_EMPTY_BODY = YES;
				CLANG_WARN_ENUM_CONVERSION = YES;
				CLANG_WARN_INFINITE_RECURSION = YES;
				CLANG_WARN_INT_CONVERSION = YES;
				CLANG_WARN_NON_LITERAL_NULL_CONVERSION = YES;
				CLANG_WARN_OBJC_LITERAL_CONVERSION = YES;
				CLANG_WARN_OBJC_ROOT_CLASS = YES_ERROR;
				CLANG_WARN_RANGE_LOOP_ANALYSIS = YES;
				CLANG_WARN_STRICT_PROTOTYPES = YES;
				CLANG_WARN_SUSPICIOUS_MOVE = YES;
				CLANG_WARN_UNGUARDED_AVAILABILITY = YES_AGGRESSIVE;
				CLANG_WARN_UNREACHABLE_CODE = YES;
				CLANG_WARN__DUPLICATE_METHOD_MATCH = YES;
				CODE_SIGN_IDENTITY = "iPhone Developer";
				COPY_PHASE_STRIP = NO;
				DEBUG_INFORMATION_FORMAT = dwarf;
				ENABLE_STRICT_OBJC_MSGSEND = YES;
				ENABLE_TESTABILITY = YES;
				GCC_C_LANGUAGE_STANDARD = gnu11;
				GCC_DYNAMIC_NO_PIC = NO;
				GCC_NO_COMMON_BLOCKS = YES;
				GCC_OPTIMIZATION_LEVEL = 0;
				GCC_PREPROCESSOR_DEFINITIONS = (
					"DEBUG=1",
					"$(inherited)",
				);
				GCC_WARN_64_TO_32_BIT_CONVERSION = YES;
				GCC_WARN_ABOUT_RETURN_TYPE = YES_ERROR;
				GCC_WARN_UNDECLARED_SELECTOR = YES;
				GCC_WARN_UNINITIALIZED_AUTOS = YES_AGGRESSIVE;
				GCC_WARN_UNUSED_FUNCTION = YES;
				GCC_WARN_UNUSED_VARIABLE = YES;
				IPHONEOS_DEPLOYMENT_TARGET = 11.2;
				MTL_ENABLE_DEBUG_INFO = YES;
				ONLY_ACTIVE_ARCH = YES;
				SDKROOT = iphoneos;
				SWIFT_ACTIVE_COMPILATION_CONDITIONS = DEBUG;
				SWIFT_OPTIMIZATION_LEVEL = "-Onone";
			};
			name = Debug;
		};
		38167E88200FA8BF0035791F /* Release */ = {
			isa = XCBuildConfiguration;
			buildSettings = {
				ALWAYS_SEARCH_USER_PATHS = NO;
				CLANG_ANALYZER_NONNULL = YES;
				CLANG_ANALYZER_NUMBER_OBJECT_CONVERSION = YES_AGGRESSIVE;
				CLANG_CXX_LANGUAGE_STANDARD = "gnu++14";
				CLANG_CXX_LIBRARY = "libc++";
				CLANG_ENABLE_MODULES = YES;
				CLANG_ENABLE_OBJC_ARC = YES;
				CLANG_WARN_BLOCK_CAPTURE_AUTORELEASING = YES;
				CLANG_WARN_BOOL_CONVERSION = YES;
				CLANG_WARN_COMMA = YES;
				CLANG_WARN_CONSTANT_CONVERSION = YES;
				CLANG_WARN_DIRECT_OBJC_ISA_USAGE = YES_ERROR;
				CLANG_WARN_DOCUMENTATION_COMMENTS = YES;
				CLANG_WARN_EMPTY_BODY = YES;
				CLANG_WARN_ENUM_CONVERSION = YES;
				CLANG_WARN_INFINITE_RECURSION = YES;
				CLANG_WARN_INT_CONVERSION = YES;
				CLANG_WARN_NON_LITERAL_NULL_CONVERSION = YES;
				CLANG_WARN_OBJC_LITERAL_CONVERSION = YES;
				CLANG_WARN_OBJC_ROOT_CLASS = YES_ERROR;
				CLANG_WARN_RANGE_LOOP_ANALYSIS = YES;
				CLANG_WARN_STRICT_PROTOTYPES = YES;
				CLANG_WARN_SUSPICIOUS_MOVE = YES;
				CLANG_WARN_UNGUARDED_AVAILABILITY = YES_AGGRESSIVE;
				CLANG_WARN_UNREACHABLE_CODE = YES;
				CLANG_WARN__DUPLICATE_METHOD_MATCH = YES;
				CODE_SIGN_IDENTITY = "iPhone Developer";
				COPY_PHASE_STRIP = NO;
				DEBUG_INFORMATION_FORMAT = "dwarf-with-dsym";
				ENABLE_NS_ASSERTIONS = NO;
				ENABLE_STRICT_OBJC_MSGSEND = YES;
				GCC_C_LANGUAGE_STANDARD = gnu11;
				GCC_NO_COMMON_BLOCKS = YES;
				GCC_WARN_64_TO_32_BIT_CONVERSION = YES;
				GCC_WARN_ABOUT_RETURN_TYPE = YES_ERROR;
				GCC_WARN_UNDECLARED_SELECTOR = YES;
				GCC_WARN_UNINITIALIZED_AUTOS = YES_AGGRESSIVE;
				GCC_WARN_UNUSED_FUNCTION = YES;
				GCC_WARN_UNUSED_VARIABLE = YES;
				IPHONEOS_DEPLOYMENT_TARGET = 11.2;
				MTL_ENABLE_DEBUG_INFO = NO;
				SDKROOT = iphoneos;
				SWIFT_OPTIMIZATION_LEVEL = "-Owholemodule";
				VALIDATE_PRODUCT = YES;
			};
			name = Release;
		};
		38167E8A200FA8BF0035791F /* Debug */ = {
			isa = XCBuildConfiguration;
			buildSettings = {
				ASSETCATALOG_COMPILER_APPICON_NAME = AppIcon;
				CODE_SIGN_STYLE = Automatic;
				INFOPLIST_FILE = tictactoc/Info.plist;
				LD_RUNPATH_SEARCH_PATHS = "$(inherited) @executable_path/Frameworks";
				PRODUCT_BUNDLE_IDENTIFIER = com.example.tictactoc;
				PRODUCT_NAME = "$(TARGET_NAME)";
				SWIFT_VERSION = 4.0;
				TARGETED_DEVICE_FAMILY = "1,2";
			};
			name = Debug;
		};
		38167E8B200FA8BF0035791F /* Release */ = {
			isa = XCBuildConfiguration;
			buildSettings = {
				ASSETCATALOG_COMPILER_APPICON_NAME = AppIcon;
				CODE_SIGN_STYLE = Automatic;
				INFOPLIST_FILE = tictactoc/Info.plist;
				LD_RUNPATH_SEARCH_PATHS = "$(inherited) @executable_path/Frameworks";
				PRODUCT_BUNDLE_IDENTIFIER = com.example.tictactoc;
				PRODUCT_NAME = "$(TARGET_NAME)";
				SWIFT_VERSION = 4.0;
				TARGETED_DEVICE_FAMILY = "1,2";
			};
			name = Release;
		};
		38167E8D200FA8BF0035791F /* Debug */ = {
			isa = XCBuildConfiguration;
			buildSettings = {
				ALWAYS_EMBED_SWIFT_STANDARD_LIBRARIES = YES;
				BUNDLE_LOADER = "$(TEST_HOST)";
				CODE_SIGN_STYLE = Automatic;
				INFOPLIST_FILE = tictactocTests/Info.plist;
				LD_RUNPATH_SEARCH_PATHS = "$(inherited) @executable_path/Frameworks @loader_path/Frameworks";
				PRODUCT_BUNDLE_IDENTIFIER = com.example.tictactocTests;
				PRODUCT_NAME = "$(TARGET_NAME)";
				SWIFT_VERSION = 4.0;
				TARGETED_DEVICE_FAMILY = "1,2";
				TEST_HOST = "$(BUILT_PRODUCTS_DIR)/tictactoc.app/tictactoc";
			};
			name = Debug;
		};
		38167E8E200FA8BF0035791F /* Release */ = {
			isa = XCBuildConfiguration;
			buildSettings = {
				ALWAYS_EMBED_SWIFT_STANDARD_LIBRARIES = YES;
				BUNDLE_LOADER = "$(TEST_HOST)";
				CODE_SIGN_STYLE = Automatic;
				INFOPLIST_FILE = tictactocTests/Info.plist;
				LD_RUNPATH_SEARCH_PATHS = "$(inherited) @executable_path/Frameworks @loader_path/Frameworks";
				PRODUCT_BUNDLE_IDENTIFIER = com.example.tictactocTests;
				PRODUCT_NAME = "$(TARGET_NAME)";
				SWIFT_VERSION = 4.0;
				TARGETED_DEVICE_FAMILY = "1,2";
				TEST_HOST = "$(BUILT_PRODUCTS_DIR)/tictactoc.app/tictactoc";
			};
			name = Release;
		};
		38167E90200FA8BF0035791F /* Debug */ = {
			isa = XCBuildConfiguration;
			buildSettings = {
				ALWAYS_EMBED_SWIFT_STANDARD_LIBRARIES = YES;
				CODE_SIGN_STYLE = Automatic;
				INFOPLIST_FILE = tictactocUITests/Info.plist;
				LD_RUNPATH_SEARCH_PATHS = "$(inherited) @executable_path/Frameworks @loader_path/Frameworks";
				PRODUCT_BUNDLE_IDENTIFIER = com.example.tictactocUITests;
				PRODUCT_NAME = "$(TARGET_NAME)";
				SWIFT_VERSION = 4.0;
				TARGETED_DEVICE_FAMILY = "1,2";
				TEST_TARGET_NAME = tictactoc;
			};
			name = Debug;
		};
		38167E91200FA8BF0035791F /* Release */ = {
			isa = XCBuildConfiguration;
			buildSettings = {
				ALWAYS_EMBED_SWIFT_STANDARD_LIBRARIES = YES;
				CODE_SIGN_STYLE = Automatic;
				INFOPLIST_FILE = tictactocUITests/Info.plist;
				LD_RUNPATH_SEARCH_PATHS = "$(inherited) @executable_path/Frameworks @loader_path/Frameworks";
				PRODUCT_BUNDLE_IDENTIFIER = com.example.tictactocUITests;
				PRODUCT_NAME = "$(TARGET_NAME)";
				SWIFT_VERSION = 4.0;
				TARGETED_DEVICE_FAMILY = "1,2";
				TEST_TARGET_NAME = tictactoc;
			};
			name = Release;
		};
/* End XCBuildConfiguration section */

/* Begin XCConfigurationList section */
		38167E5C200FA8BF0035791F /* Build configuration list for PBXProject "tictactoc" */ = {
			isa = XCConfigurationList;
			buildConfigurations = (
				38167E87200FA8BF0035791F /* Debug */,
				38167E88200FA8BF0035791F /* Release */,
			);
			defaultConfigurationIsVisible = 0;
			defaultConfigurationName = Release;
		};
		38167E89200FA8BF0035791F /* Build configuration list for PBXNativeTarget "tictactoc" */ = {
			isa = XCConfigurationList;
			buildConfigurations = (
				38167E8A200FA8BF0035791F /* Debug */,
				38167E8B200FA8BF0035791F /* Release */,
			);
			defaultConfigurationIsVisible = 0;
			defaultConfigurationName = Release;
		};
		38167E8C200FA8BF0035791F /* Build configuration list for PBXNativeTarget "tictactocTests" */ = {
			isa = XCConfigurationList;
			buildConfigurations = (
				38167E8D200FA8BF0035791F /* Debug */,
				38167E8E200FA8BF0035791F /* Release */,
			);
			defaultConfigurationIsVisible = 0;
			defaultConfigurationName = Release;
		};
		38167E8F200FA8BF0035791F /* Build configuration list for PBXNativeTarget "tictactocUITests" */ = {
			isa = XCConfigurationList;
			buildConfigurations = (
				38167E90200FA8BF0035791F /* Debug */,
				38167E91200FA8BF0035791F /* Release */,
			);
			defaultConfigurationIsVisible = 0;
			defaultConfigurationName = Release;
		};
/* End XCConfigurationList section */
	};
	rootObject = 38167E59200FA8BF0035791F /* Project object */;
}
